
Microsoft Visual Studio Solution File, Format Version 12.00
# Visual Studio Version 17
VisualStudioVersion = 17.7.34018.315
MinimumVisualStudioVersion = 10.0.40219.1
Project("{FAE04EC0-301F-11D3-BF4B-00C04F79EFBC}") = "Supermarket-mvp", "Supermarket-mvp.csproj", "{271EBE71-5234-48AC-B9E4-E92D3EF54BDA}"
EndProject
Global
	GlobalSection(SolutionConfigurationPlatforms) = preSolution
		Debug|Any CPU = Debug|Any CPU
		Release|Any CPU = Release|Any CPU
	EndGlobalSection
	GlobalSection(ProjectConfigurationPlatforms) = postSolution
		{271EBE71-5234-48AC-B9E4-E92D3EF54BDA}.Debug|Any CPU.ActiveCfg = Debug|Any CPU
		{271EBE71-5234-48AC-B9E4-E92D3EF54BDA}.Debug|Any CPU.Build.0 = Debug|Any CPU
		{271EBE71-5234-48AC-B9E4-E92D3EF54BDA}.Release|Any CPU.ActiveCfg = Release|Any CPU
		{271EBE71-5234-48AC-B9E4-E92D3EF54BDA}.Release|Any CPU.Build.0 = Release|Any CPU
	EndGlobalSection
	GlobalSection(SolutionProperties) = preSolution
		HideSolutionNode = FALSE
	EndGlobalSection
	GlobalSection(ExtensibilityGlobals) = postSolution
		SolutionGuid = {477DE2CE-640B-49B5-9DCB-8FAFEC948D8E}
	EndGlobalSection
EndGlobal
